// !$*UTF8*$!
{
	archiveVersion = 1;
	classes = {
	};
	objectVersion = 46;
	objects = {

/* Begin PBXBuildFile section */
		4DAAA0C2D26DC7FD1F1097BB /* Pods.framework in Frameworks */ = {isa = PBXBuildFile; fileRef = 090E938CE424392D3A274D3A /* Pods.framework */; };
		F6762A4C1C474FF40069C59F /* AppDelegate.swift in Sources */ = {isa = PBXBuildFile; fileRef = F6762A4B1C474FF40069C59F /* AppDelegate.swift */; };
		F6762A4E1C474FF40069C59F /* RootViewController.swift in Sources */ = {isa = PBXBuildFile; fileRef = F6762A4D1C474FF40069C59F /* RootViewController.swift */; };
		F6762A531C474FF40069C59F /* Assets.xcassets in Resources */ = {isa = PBXBuildFile; fileRef = F6762A521C474FF40069C59F /* Assets.xcassets */; };
		F6762A561C474FF40069C59F /* LaunchScreen.storyboard in Resources */ = {isa = PBXBuildFile; fileRef = F6762A541C474FF40069C59F /* LaunchScreen.storyboard */; };
		F6762A611C474FF40069C59F /* DataStructurePracticeTests.swift in Sources */ = {isa = PBXBuildFile; fileRef = F6762A601C474FF40069C59F /* DataStructurePracticeTests.swift */; };
		F6762A6C1C4750490069C59F /* LinkedListNode.swift in Sources */ = {isa = PBXBuildFile; fileRef = F6762A6B1C4750480069C59F /* LinkedListNode.swift */; };
		F6C52AC51C48722300211459 /* HashTable.swift in Sources */ = {isa = PBXBuildFile; fileRef = F6C52AC41C48722300211459 /* HashTable.swift */; };
		F6C6F5551C4C505300CFC4D8 /* MVVM.swift in Sources */ = {isa = PBXBuildFile; fileRef = F6C6F5541C4C505300CFC4D8 /* MVVM.swift */; };
		F6C6F5571C4C506100CFC4D8 /* MVC.swift in Sources */ = {isa = PBXBuildFile; fileRef = F6C6F5561C4C506100CFC4D8 /* MVC.swift */; };
		F6C6F5591C4C506700CFC4D8 /* MVP.swift in Sources */ = {isa = PBXBuildFile; fileRef = F6C6F5581C4C506700CFC4D8 /* MVP.swift */; };
		F6C6F55B1C4C668E00CFC4D8 /* UOCatProdJSON.json in Resources */ = {isa = PBXBuildFile; fileRef = F6C6F55A1C4C668E00CFC4D8 /* UOCatProdJSON.json */; };
		F6C6F55F1C4C670600CFC4D8 /* UOCatProductModel.swift in Sources */ = {isa = PBXBuildFile; fileRef = F6C6F55E1C4C670600CFC4D8 /* UOCatProductModel.swift */; };
/* End PBXBuildFile section */

/* Begin PBXContainerItemProxy section */
		F6762A5D1C474FF40069C59F /* PBXContainerItemProxy */ = {
			isa = PBXContainerItemProxy;
			containerPortal = F6762A401C474FF40069C59F /* Project object */;
			proxyType = 1;
			remoteGlobalIDString = F6762A471C474FF40069C59F;
			remoteInfo = DataStructurePractice;
		};
/* End PBXContainerItemProxy section */

/* Begin PBXFileReference section */
		090E938CE424392D3A274D3A /* Pods.framework */ = {isa = PBXFileReference; explicitFileType = wrapper.framework; includeInIndex = 0; path = Pods.framework; sourceTree = BUILT_PRODUCTS_DIR; };
		0D04CF8819A52FED716909C8 /* Pods.debug.xcconfig */ = {isa = PBXFileReference; includeInIndex = 1; lastKnownFileType = text.xcconfig; name = Pods.debug.xcconfig; path = "Pods/Target Support Files/Pods/Pods.debug.xcconfig"; sourceTree = "<group>"; };
		267AA368B20D44128E39B117 /* Pods.release.xcconfig */ = {isa = PBXFileReference; includeInIndex = 1; lastKnownFileType = text.xcconfig; name = Pods.release.xcconfig; path = "Pods/Target Support Files/Pods/Pods.release.xcconfig"; sourceTree = "<group>"; };
		F6762A481C474FF40069C59F /* DataStructurePractice.app */ = {isa = PBXFileReference; explicitFileType = wrapper.application; includeInIndex = 0; path = DataStructurePractice.app; sourceTree = BUILT_PRODUCTS_DIR; };
		F6762A4B1C474FF40069C59F /* AppDelegate.swift */ = {isa = PBXFileReference; lastKnownFileType = sourcecode.swift; path = AppDelegate.swift; sourceTree = "<group>"; };
		F6762A4D1C474FF40069C59F /* RootViewController.swift */ = {isa = PBXFileReference; lastKnownFileType = sourcecode.swift; path = RootViewController.swift; sourceTree = "<group>"; };
		F6762A521C474FF40069C59F /* Assets.xcassets */ = {isa = PBXFileReference; lastKnownFileType = folder.assetcatalog; path = Assets.xcassets; sourceTree = "<group>"; };
		F6762A551C474FF40069C59F /* Base */ = {isa = PBXFileReference; lastKnownFileType = file.storyboard; name = Base; path = Base.lproj/LaunchScreen.storyboard; sourceTree = "<group>"; };
		F6762A571C474FF40069C59F /* Info.plist */ = {isa = PBXFileReference; lastKnownFileType = text.plist.xml; path = Info.plist; sourceTree = "<group>"; };
		F6762A5C1C474FF40069C59F /* DataStructurePracticeTests.xctest */ = {isa = PBXFileReference; explicitFileType = wrapper.cfbundle; includeInIndex = 0; path = DataStructurePracticeTests.xctest; sourceTree = BUILT_PRODUCTS_DIR; };
		F6762A601C474FF40069C59F /* DataStructurePracticeTests.swift */ = {isa = PBXFileReference; lastKnownFileType = sourcecode.swift; path = DataStructurePracticeTests.swift; sourceTree = "<group>"; };
		F6762A621C474FF40069C59F /* Info.plist */ = {isa = PBXFileReference; lastKnownFileType = text.plist.xml; path = Info.plist; sourceTree = "<group>"; };
		F6762A6B1C4750480069C59F /* LinkedListNode.swift */ = {isa = PBXFileReference; fileEncoding = 4; lastKnownFileType = sourcecode.swift; path = LinkedListNode.swift; sourceTree = "<group>"; };
		F6C52AC41C48722300211459 /* HashTable.swift */ = {isa = PBXFileReference; fileEncoding = 4; lastKnownFileType = sourcecode.swift; path = HashTable.swift; sourceTree = "<group>"; };
		F6C6F5541C4C505300CFC4D8 /* MVVM.swift */ = {isa = PBXFileReference; fileEncoding = 4; lastKnownFileType = sourcecode.swift; path = MVVM.swift; sourceTree = "<group>"; };
		F6C6F5561C4C506100CFC4D8 /* MVC.swift */ = {isa = PBXFileReference; fileEncoding = 4; lastKnownFileType = sourcecode.swift; path = MVC.swift; sourceTree = "<group>"; };
		F6C6F5581C4C506700CFC4D8 /* MVP.swift */ = {isa = PBXFileReference; fileEncoding = 4; lastKnownFileType = sourcecode.swift; path = MVP.swift; sourceTree = "<group>"; };
		F6C6F55A1C4C668E00CFC4D8 /* UOCatProdJSON.json */ = {isa = PBXFileReference; fileEncoding = 4; lastKnownFileType = text.json; path = UOCatProdJSON.json; sourceTree = "<group>"; };
		F6C6F55E1C4C670600CFC4D8 /* UOCatProductModel.swift */ = {isa = PBXFileReference; fileEncoding = 4; lastKnownFileType = sourcecode.swift; path = UOCatProductModel.swift; sourceTree = "<group>"; };
/* End PBXFileReference section */

/* Begin PBXFrameworksBuildPhase section */
		F6762A451C474FF40069C59F /* Frameworks */ = {
			isa = PBXFrameworksBuildPhase;
			buildActionMask = 2147483647;
			files = (
				4DAAA0C2D26DC7FD1F1097BB /* Pods.framework in Frameworks */,
			);
			runOnlyForDeploymentPostprocessing = 0;
		};
		F6762A591C474FF40069C59F /* Frameworks */ = {
			isa = PBXFrameworksBuildPhase;
			buildActionMask = 2147483647;
			files = (
			);
			runOnlyForDeploymentPostprocessing = 0;
		};
/* End PBXFrameworksBuildPhase section */

/* Begin PBXGroup section */
		14B562C623C843D22606F327 /* Pods */ = {
			isa = PBXGroup;
			children = (
				0D04CF8819A52FED716909C8 /* Pods.debug.xcconfig */,
				267AA368B20D44128E39B117 /* Pods.release.xcconfig */,
			);
			name = Pods;
			sourceTree = "<group>";
		};
		F6762A3F1C474FF40069C59F = {
			isa = PBXGroup;
			children = (
				F6762A4A1C474FF40069C59F /* DataStructurePractice */,
				F6762A5F1C474FF40069C59F /* DataStructurePracticeTests */,
				F6762A491C474FF40069C59F /* Products */,
				14B562C623C843D22606F327 /* Pods */,
				FAEA7D323F2D011FF5430725 /* Frameworks */,
			);
			sourceTree = "<group>";
		};
		F6762A491C474FF40069C59F /* Products */ = {
			isa = PBXGroup;
			children = (
				F6762A481C474FF40069C59F /* DataStructurePractice.app */,
				F6762A5C1C474FF40069C59F /* DataStructurePracticeTests.xctest */,
			);
			name = Products;
			sourceTree = "<group>";
		};
		F6762A4A1C474FF40069C59F /* DataStructurePractice */ = {
			isa = PBXGroup;
			children = (
				F6762A4B1C474FF40069C59F /* AppDelegate.swift */,
				F6762A4D1C474FF40069C59F /* RootViewController.swift */,
				F6762A521C474FF40069C59F /* Assets.xcassets */,
				F6762A541C474FF40069C59F /* LaunchScreen.storyboard */,
				F6762A571C474FF40069C59F /* Info.plist */,
				F6762A6B1C4750480069C59F /* LinkedListNode.swift */,
				F6C52AC41C48722300211459 /* HashTable.swift */,
				F6C6F5541C4C505300CFC4D8 /* MVVM.swift */,
				F6C6F5561C4C506100CFC4D8 /* MVC.swift */,
				F6C6F5581C4C506700CFC4D8 /* MVP.swift */,
				F6C6F55A1C4C668E00CFC4D8 /* UOCatProdJSON.json */,
				F6C6F55E1C4C670600CFC4D8 /* UOCatProductModel.swift */,
			);
			path = DataStructurePractice;
			sourceTree = "<group>";
		};
		F6762A5F1C474FF40069C59F /* DataStructurePracticeTests */ = {
			isa = PBXGroup;
			children = (
				F6762A601C474FF40069C59F /* DataStructurePracticeTests.swift */,
				F6762A621C474FF40069C59F /* Info.plist */,
			);
			path = DataStructurePracticeTests;
			sourceTree = "<group>";
		};
		FAEA7D323F2D011FF5430725 /* Frameworks */ = {
			isa = PBXGroup;
			children = (
				090E938CE424392D3A274D3A /* Pods.framework */,
			);
			name = Frameworks;
			sourceTree = "<group>";
		};
/* End PBXGroup section */

/* Begin PBXNativeTarget section */
		F6762A471C474FF40069C59F /* DataStructurePractice */ = {
			isa = PBXNativeTarget;
			buildConfigurationList = F6762A651C474FF40069C59F /* Build configuration list for PBXNativeTarget "DataStructurePractice" */;
			buildPhases = (
				F947871C123A50DD009A094D /* Check Pods Manifest.lock */,
				F6762A441C474FF40069C59F /* Sources */,
				F6762A451C474FF40069C59F /* Frameworks */,
				F6762A461C474FF40069C59F /* Resources */,
				92053B3C4957CE5C065E0287 /* Embed Pods Frameworks */,
				04171B09EEC3789E4F0162AC /* Copy Pods Resources */,
			);
			buildRules = (
			);
			dependencies = (
			);
			name = DataStructurePractice;
			productName = DataStructurePractice;
			productReference = F6762A481C474FF40069C59F /* DataStructurePractice.app */;
			productType = "com.apple.product-type.application";
		};
		F6762A5B1C474FF40069C59F /* DataStructurePracticeTests */ = {
			isa = PBXNativeTarget;
			buildConfigurationList = F6762A681C474FF40069C59F /* Build configuration list for PBXNativeTarget "DataStructurePracticeTests" */;
			buildPhases = (
				F6762A581C474FF40069C59F /* Sources */,
				F6762A591C474FF40069C59F /* Frameworks */,
				F6762A5A1C474FF40069C59F /* Resources */,
			);
			buildRules = (
			);
			dependencies = (
				F6762A5E1C474FF40069C59F /* PBXTargetDependency */,
			);
			name = DataStructurePracticeTests;
			productName = DataStructurePracticeTests;
			productReference = F6762A5C1C474FF40069C59F /* DataStructurePracticeTests.xctest */;
			productType = "com.apple.product-type.bundle.unit-test";
		};
/* End PBXNativeTarget section */

/* Begin PBXProject section */
		F6762A401C474FF40069C59F /* Project object */ = {
			isa = PBXProject;
			attributes = {
				LastSwiftUpdateCheck = 0720;
				LastUpgradeCheck = 0720;
				ORGANIZATIONNAME = Taniguchi;
				TargetAttributes = {
					F6762A471C474FF40069C59F = {
						CreatedOnToolsVersion = 7.2;
					};
					F6762A5B1C474FF40069C59F = {
						CreatedOnToolsVersion = 7.2;
						TestTargetID = F6762A471C474FF40069C59F;
					};
				};
			};
			buildConfigurationList = F6762A431C474FF40069C59F /* Build configuration list for PBXProject "DataStructurePractice" */;
			compatibilityVersion = "Xcode 3.2";
			developmentRegion = English;
			hasScannedForEncodings = 0;
			knownRegions = (
				en,
				Base,
			);
			mainGroup = F6762A3F1C474FF40069C59F;
			productRefGroup = F6762A491C474FF40069C59F /* Products */;
			projectDirPath = "";
			projectRoot = "";
			targets = (
				F6762A471C474FF40069C59F /* DataStructurePractice */,
				F6762A5B1C474FF40069C59F /* DataStructurePracticeTests */,
			);
		};
/* End PBXProject section */

/* Begin PBXResourcesBuildPhase section */
		F6762A461C474FF40069C59F /* Resources */ = {
			isa = PBXResourcesBuildPhase;
			buildActionMask = 2147483647;
			files = (
				F6C6F55B1C4C668E00CFC4D8 /* UOCatProdJSON.json in Resources */,
				F6762A561C474FF40069C59F /* LaunchScreen.storyboard in Resources */,
				F6762A531C474FF40069C59F /* Assets.xcassets in Resources */,
			);
			runOnlyForDeploymentPostprocessing = 0;
		};
		F6762A5A1C474FF40069C59F /* Resources */ = {
			isa = PBXResourcesBuildPhase;
			buildActionMask = 2147483647;
			files = (
			);
			runOnlyForDeploymentPostprocessing = 0;
		};
/* End PBXResourcesBuildPhase section */

/* Begin PBXShellScriptBuildPhase section */
		04171B09EEC3789E4F0162AC /* Copy Pods Resources */ = {
			isa = PBXShellScriptBuildPhase;
			buildActionMask = 2147483647;
			files = (
			);
			inputPaths = (
			);
			name = "Copy Pods Resources";
			outputPaths = (
			);
			runOnlyForDeploymentPostprocessing = 0;
			shellPath = /bin/sh;
			shellScript = "\"${SRCROOT}/Pods/Target Support Files/Pods/Pods-resources.sh\"\n";
			showEnvVarsInLog = 0;
		};
		92053B3C4957CE5C065E0287 /* Embed Pods Frameworks */ = {
			isa = PBXShellScriptBuildPhase;
			buildActionMask = 2147483647;
			files = (
			);
			inputPaths = (
			);
			name = "Embed Pods Frameworks";
			outputPaths = (
			);
			runOnlyForDeploymentPostprocessing = 0;
			shellPath = /bin/sh;
			shellScript = "\"${SRCROOT}/Pods/Target Support Files/Pods/Pods-frameworks.sh\"\n";
			showEnvVarsInLog = 0;
		};
		F947871C123A50DD009A094D /* Check Pods Manifest.lock */ = {
			isa = PBXShellScriptBuildPhase;
			buildActionMask = 2147483647;
			files = (
			);
			inputPaths = (
			);
			name = "Check Pods Manifest.lock";
			outputPaths = (
			);
			runOnlyForDeploymentPostprocessing = 0;
			shellPath = /bin/sh;
			shellScript = "diff \"${PODS_ROOT}/../Podfile.lock\" \"${PODS_ROOT}/Manifest.lock\" > /dev/null\nif [[ $? != 0 ]] ; then\n    cat << EOM\nerror: The sandbox is not in sync with the Podfile.lock. Run 'pod install' or update your CocoaPods installation.\nEOM\n    exit 1\nfi\n";
			showEnvVarsInLog = 0;
		};
/* End PBXShellScriptBuildPhase section */

/* Begin PBXSourcesBuildPhase section */
		F6762A441C474FF40069C59F /* Sources */ = {
			isa = PBXSourcesBuildPhase;
			buildActionMask = 2147483647;
			files = (
				F6C6F55F1C4C670600CFC4D8 /* UOCatProductModel.swift in Sources */,
				F6762A6C1C4750490069C59F /* LinkedListNode.swift in Sources */,
				F6C6F5551C4C505300CFC4D8 /* MVVM.swift in Sources */,
				F6C6F5591C4C506700CFC4D8 /* MVP.swift in Sources */,
				F6762A4E1C474FF40069C59F /* RootViewController.swift in Sources */,
				F6C52AC51C48722300211459 /* HashTable.swift in Sources */,
				F6C6F5571C4C506100CFC4D8 /* MVC.swift in Sources */,
				F6762A4C1C474FF40069C59F /* AppDelegate.swift in Sources */,
			);
			runOnlyForDeploymentPostprocessing = 0;
		};
		F6762A581C474FF40069C59F /* Sources */ = {
			isa = PBXSourcesBuildPhase;
			buildActionMask = 2147483647;
			files = (
				F6762A611C474FF40069C59F /* DataStructurePracticeTests.swift in Sources */,
			);
			runOnlyForDeploymentPostprocessing = 0;
		};
/* End PBXSourcesBuildPhase section */

/* Begin PBXTargetDependency section */
		F6762A5E1C474FF40069C59F /* PBXTargetDependency */ = {
			isa = PBXTargetDependency;
			target = F6762A471C474FF40069C59F /* DataStructurePractice */;
			targetProxy = F6762A5D1C474FF40069C59F /* PBXContainerItemProxy */;
		};
/* End PBXTargetDependency section */

/* Begin PBXVariantGroup section */
		F6762A541C474FF40069C59F /* LaunchScreen.storyboard */ = {
			isa = PBXVariantGroup;
			children = (
				F6762A551C474FF40069C59F /* Base */,
			);
			name = LaunchScreen.storyboard;
			sourceTree = "<group>";
		};
/* End PBXVariantGroup section */

/* Begin XCBuildConfiguration section */
		F6762A631C474FF40069C59F /* Debug */ = {
			isa = XCBuildConfiguration;
			buildSettings = {
				ALWAYS_SEARCH_USER_PATHS = NO;
				CLANG_CXX_LANGUAGE_STANDARD = "gnu++0x";
				CLANG_CXX_LIBRARY = "libc++";
				CLANG_ENABLE_MODULES = YES;
				CLANG_ENABLE_OBJC_ARC = YES;
				CLANG_WARN_BOOL_CONVERSION = YES;
				CLANG_WARN_CONSTANT_CONVERSION = YES;
				CLANG_WARN_DIRECT_OBJC_ISA_USAGE = YES_ERROR;
				CLANG_WARN_EMPTY_BODY = YES;
				CLANG_WARN_ENUM_CONVERSION = YES;
				CLANG_WARN_INT_CONVERSION = YES;
				CLANG_WARN_OBJC_ROOT_CLASS = YES_ERROR;
				CLANG_WARN_UNREACHABLE_CODE = YES;
				CLANG_WARN__DUPLICATE_METHOD_MATCH = YES;
				"CODE_SIGN_IDENTITY[sdk=iphoneos*]" = "iPhone Developer";
				COPY_PHASE_STRIP = NO;
				DEBUG_INFORMATION_FORMAT = dwarf;
				ENABLE_STRICT_OBJC_MSGSEND = YES;
				ENABLE_TESTABILITY = YES;
				GCC_C_LANGUAGE_STANDARD = gnu99;
				GCC_DYNAMIC_NO_PIC = NO;
				GCC_NO_COMMON_BLOCKS = YES;
				GCC_OPTIMIZATION_LEVEL = 0;
				GCC_PREPROCESSOR_DEFINITIONS = (
					"DEBUG=1",
					"$(inherited)",
				);
				GCC_WARN_64_TO_32_BIT_CONVERSION = YES;
				GCC_WARN_ABOUT_RETURN_TYPE = YES_ERROR;
				GCC_WARN_UNDECLARED_SELECTOR = YES;
				GCC_WARN_UNINITIALIZED_AUTOS = YES_AGGRESSIVE;
				GCC_WARN_UNUSED_FUNCTION = YES;
				GCC_WARN_UNUSED_VARIABLE = YES;
				IPHONEOS_DEPLOYMENT_TARGET = 9.2;
				MTL_ENABLE_DEBUG_INFO = YES;
				ONLY_ACTIVE_ARCH = YES;
				SDKROOT = iphoneos;
				SWIFT_OPTIMIZATION_LEVEL = "-Onone";
			};
			name = Debug;
		};
		F6762A641C474FF40069C59F /* Release */ = {
			isa = XCBuildConfiguration;
			buildSettings = {
				ALWAYS_SEARCH_USER_PATHS = NO;
				CLANG_CXX_LANGUAGE_STANDARD = "gnu++0x";
				CLANG_CXX_LIBRARY = "libc++";
				CLANG_ENABLE_MODULES = YES;
				CLANG_ENABLE_OBJC_ARC = YES;
				CLANG_WARN_BOOL_CONVERSION = YES;
				CLANG_WARN_CONSTANT_CONVERSION = YES;
				CLANG_WARN_DIRECT_OBJC_ISA_USAGE = YES_ERROR;
				CLANG_WARN_EMPTY_BODY = YES;
				CLANG_WARN_ENUM_CONVERSION = YES;
				CLANG_WARN_INT_CONVERSION = YES;
				CLANG_WARN_OBJC_ROOT_CLASS = YES_ERROR;
				CLANG_WARN_UNREACHABLE_CODE = YES;
				CLANG_WARN__DUPLICATE_METHOD_MATCH = YES;
				"CODE_SIGN_IDENTITY[sdk=iphoneos*]" = "iPhone Developer";
				COPY_PHASE_STRIP = NO;
				DEBUG_INFORMATION_FORMAT = "dwarf-with-dsym";
				ENABLE_NS_ASSERTIONS = NO;
				ENABLE_STRICT_OBJC_MSGSEND = YES;
				GCC_C_LANGUAGE_STANDARD = gnu99;
				GCC_NO_COMMON_BLOCKS = YES;
				GCC_WARN_64_TO_32_BIT_CONVERSION = YES;
				GCC_WARN_ABOUT_RETURN_TYPE = YES_ERROR;
				GCC_WARN_UNDECLARED_SELECTOR = YES;
				GCC_WARN_UNINITIALIZED_AUTOS = YES_AGGRESSIVE;
				GCC_WARN_UNUSED_FUNCTION = YES;
				GCC_WARN_UNUSED_VARIABLE = YES;
				IPHONEOS_DEPLOYMENT_TARGET = 9.2;
				MTL_ENABLE_DEBUG_INFO = NO;
				SDKROOT = iphoneos;
				VALIDATE_PRODUCT = YES;
			};
			name = Release;
		};
		F6762A661C474FF40069C59F /* Debug */ = {
			isa = XCBuildConfiguration;
			baseConfigurationReference = 0D04CF8819A52FED716909C8 /* Pods.debug.xcconfig */;
			buildSettings = {
				ASSETCATALOG_COMPILER_APPICON_NAME = AppIcon;
				INFOPLIST_FILE = DataStructurePractice/Info.plist;
				LD_RUNPATH_SEARCH_PATHS = "$(inherited) @executable_path/Frameworks";
				PRODUCT_BUNDLE_IDENTIFIER = com.taniguchi.DataStructurePractice;
				PRODUCT_NAME = "$(TARGET_NAME)";
			};
			name = Debug;
		};
		F6762A671C474FF40069C59F /* Release */ = {
			isa = XCBuildConfiguration;
			baseConfigurationReference = 267AA368B20D44128E39B117 /* Pods.release.xcconfig */;
			buildSettings = {
				ASSETCATALOG_COMPILER_APPICON_NAME = AppIcon;
				INFOPLIST_FILE = DataStructurePractice/Info.plist;
				LD_RUNPATH_SEARCH_PATHS = "$(inherited) @executable_path/Frameworks";
				PRODUCT_BUNDLE_IDENTIFIER = com.taniguchi.DataStructurePractice;
				PRODUCT_NAME = "$(TARGET_NAME)";
			};
			name = Release;
		};
		F6762A691C474FF40069C59F /* Debug */ = {
			isa = XCBuildConfiguration;
			buildSettings = {
				BUNDLE_LOADER = "$(TEST_HOST)";
				INFOPLIST_FILE = DataStructurePracticeTests/Info.plist;
				LD_RUNPATH_SEARCH_PATHS = "$(inherited) @executable_path/Frameworks @loader_path/Frameworks";
				PRODUCT_BUNDLE_IDENTIFIER = com.taniguchi.DataStructurePracticeTests;
				PRODUCT_NAME = "$(TARGET_NAME)";
				TEST_HOST = "$(BUILT_PRODUCTS_DIR)/DataStructurePractice.app/DataStructurePractice";
			};
			name = Debug;
		};
		F6762A6A1C474FF40069C59F /* Release */ = {
			isa = XCBuildConfiguration;
			buildSettings = {
				BUNDLE_LOADER = "$(TEST_HOST)";
				INFOPLIST_FILE = DataStructurePracticeTests/Info.plist;
				LD_RUNPATH_SEARCH_PATHS = "$(inherited) @executable_path/Frameworks @loader_path/Frameworks";
				PRODUCT_BUNDLE_IDENTIFIER = com.taniguchi.DataStructurePracticeTests;
				PRODUCT_NAME = "$(TARGET_NAME)";
				TEST_HOST = "$(BUILT_PRODUCTS_DIR)/DataStructurePractice.app/DataStructurePractice";
			};
			name = Release;
		};
/* End XCBuildConfiguration section */

/* Begin XCConfigurationList section */
		F6762A431C474FF40069C59F /* Build configuration list for PBXProject "DataStructurePractice" */ = {
			isa = XCConfigurationList;
			buildConfigurations = (
				F6762A631C474FF40069C59F /* Debug */,
				F6762A641C474FF40069C59F /* Release */,
			);
			defaultConfigurationIsVisible = 0;
			defaultConfigurationName = Release;
		};
		F6762A651C474FF40069C59F /* Build configuration list for PBXNativeTarget "DataStructurePractice" */ = {
			isa = XCConfigurationList;
			buildConfigurations = (
				F6762A661C474FF40069C59F /* Debug */,
				F6762A671C474FF40069C59F /* Release */,
			);
			defaultConfigurationIsVisible = 0;
			defaultConfigurationName = Release;
		};
		F6762A681C474FF40069C59F /* Build configuration list for PBXNativeTarget "DataStructurePracticeTests" */ = {
			isa = XCConfigurationList;
			buildConfigurations = (
				F6762A691C474FF40069C59F /* Debug */,
				F6762A6A1C474FF40069C59F /* Release */,
			);
			defaultConfigurationIsVisible = 0;
			defaultConfigurationName = Release;
		};
/* End XCConfigurationList section */
	};
	rootObject = F6762A401C474FF40069C59F /* Project object */;
}
